
Microsoft Visual Studio Solution File, Format Version 12.00
# Visual Studio Version 16
VisualStudioVersion = 16.0.31321.278
MinimumVisualStudioVersion = 10.0.40219.1
Project("{2150E333-8FDC-42A3-9474-1A3956D46DE8}") = "src", "src", "{C6137AA3-D5E9-43C8-A903-ABCAB23D19BB}"
EndProject
Project("{2150E333-8FDC-42A3-9474-1A3956D46DE8}") = "test", "test", "{03957A4F-F15F-4E80-8B3A-5C50D8251794}"
EndProject
Project("{FAE04EC0-301F-11D3-BF4B-00C04F79EFBC}") = "Yas.Core", "src\Yas.Core\Yas.Core.csproj", "{ADD06804-5015-4AD5-AA3D-AC45B73DD999}"
EndProject
Project("{FAE04EC0-301F-11D3-BF4B-00C04F79EFBC}") = "Yas.MultiTenant", "src\Yas.MultiTenant\Yas.MultiTenant.csproj", "{A24049D6-DDE7-4697-96D2-6DE0F2D3B999}"
EndProject
Project("{FAE04EC0-301F-11D3-BF4B-00C04F79EFBC}") = "Yas.AspNetCore.MultiTenant", "src\Yas.AspNetCore.MultiTenant\Yas.AspNetCore.MultiTenant.csproj", "{5008B9AD-90A2-46E8-9F49-08AEAAFD1E9A}"
EndProject
Project("{FAE04EC0-301F-11D3-BF4B-00C04F79EFBC}") = "Yas.Core.Test", "test\Yas.Core.Test\Yas.Core.Test.csproj", "{0C12F35C-8D41-492C-A3C7-4AB33F7D7B00}"
EndProject
Project("{FAE04EC0-301F-11D3-BF4B-00C04F79EFBC}") = "Yas.AspNetCore", "src\Yas.AspNetCore\Yas.AspNetCore.csproj", "{20DB5689-E0BC-4F1B-AE71-A60E416409AD}"
EndProject
Global
	GlobalSection(SolutionConfigurationPlatforms) = preSolution
		Debug|Any CPU = Debug|Any CPU
		Release|Any CPU = Release|Any CPU
	EndGlobalSection
	GlobalSection(ProjectConfigurationPlatforms) = postSolution
		{ADD06804-5015-4AD5-AA3D-AC45B73DD999}.Debug|Any CPU.ActiveCfg = Debug|Any CPU
		{ADD06804-5015-4AD5-AA3D-AC45B73DD999}.Debug|Any CPU.Build.0 = Debug|Any CPU
		{ADD06804-5015-4AD5-AA3D-AC45B73DD999}.Release|Any CPU.ActiveCfg = Release|Any CPU
		{ADD06804-5015-4AD5-AA3D-AC45B73DD999}.Release|Any CPU.Build.0 = Release|Any CPU
		{A24049D6-DDE7-4697-96D2-6DE0F2D3B999}.Debug|Any CPU.ActiveCfg = Debug|Any CPU
		{A24049D6-DDE7-4697-96D2-6DE0F2D3B999}.Debug|Any CPU.Build.0 = Debug|Any CPU
		{A24049D6-DDE7-4697-96D2-6DE0F2D3B999}.Release|Any CPU.ActiveCfg = Release|Any CPU
		{A24049D6-DDE7-4697-96D2-6DE0F2D3B999}.Release|Any CPU.Build.0 = Release|Any CPU
		{5008B9AD-90A2-46E8-9F49-08AEAAFD1E9A}.Debug|Any CPU.ActiveCfg = Debug|Any CPU
		{5008B9AD-90A2-46E8-9F49-08AEAAFD1E9A}.Debug|Any CPU.Build.0 = Debug|Any CPU
		{5008B9AD-90A2-46E8-9F49-08AEAAFD1E9A}.Release|Any CPU.ActiveCfg = Release|Any CPU
		{5008B9AD-90A2-46E8-9F49-08AEAAFD1E9A}.Release|Any CPU.Build.0 = Release|Any CPU
		{0C12F35C-8D41-492C-A3C7-4AB33F7D7B00}.Debug|Any CPU.ActiveCfg = Debug|Any CPU
		{0C12F35C-8D41-492C-A3C7-4AB33F7D7B00}.Debug|Any CPU.Build.0 = Debug|Any CPU
		{0C12F35C-8D41-492C-A3C7-4AB33F7D7B00}.Release|Any CPU.ActiveCfg = Release|Any CPU
		{0C12F35C-8D41-492C-A3C7-4AB33F7D7B00}.Release|Any CPU.Build.0 = Release|Any CPU
		{20DB5689-E0BC-4F1B-AE71-A60E416409AD}.Debug|Any CPU.ActiveCfg = Debug|Any CPU
		{20DB5689-E0BC-4F1B-AE71-A60E416409AD}.Debug|Any CPU.Build.0 = Debug|Any CPU
		{20DB5689-E0BC-4F1B-AE71-A60E416409AD}.Release|Any CPU.ActiveCfg = Release|Any CPU
		{20DB5689-E0BC-4F1B-AE71-A60E416409AD}.Release|Any CPU.Build.0 = Release|Any CPU
	EndGlobalSection
	GlobalSection(SolutionProperties) = preSolution
		HideSolutionNode = FALSE
	EndGlobalSection
	GlobalSection(NestedProjects) = preSolution
		{ADD06804-5015-4AD5-AA3D-AC45B73DD999} = {C6137AA3-D5E9-43C8-A903-ABCAB23D19BB}
		{A24049D6-DDE7-4697-96D2-6DE0F2D3B999} = {C6137AA3-D5E9-43C8-A903-ABCAB23D19BB}
		{5008B9AD-90A2-46E8-9F49-08AEAAFD1E9A} = {C6137AA3-D5E9-43C8-A903-ABCAB23D19BB}
		{0C12F35C-8D41-492C-A3C7-4AB33F7D7B00} = {03957A4F-F15F-4E80-8B3A-5C50D8251794}
		{20DB5689-E0BC-4F1B-AE71-A60E416409AD} = {C6137AA3-D5E9-43C8-A903-ABCAB23D19BB}
	EndGlobalSection
	GlobalSection(ExtensibilityGlobals) = postSolution
		SolutionGuid = {7FDDE856-277E-4256-8A3C-BE68C4532794}
	EndGlobalSection
EndGlobal
